
Microsoft Visual Studio Solution File, Format Version 12.00
Project("{FAE04EC0-301F-11D3-BF4B-00C04F79EFBC}") = "Report", "Report\Report.csproj", "{9C58F44C-14FE-4848-AF30-A3E7B468379A}"
EndProject
Global
	GlobalSection(SolutionConfigurationPlatforms) = preSolution
		Debug|Any CPU = Debug|Any CPU
		Release|Any CPU = Release|Any CPU
	EndGlobalSection
	GlobalSection(ProjectConfigurationPlatforms) = postSolution
		{9C58F44C-14FE-4848-AF30-A3E7B468379A}.Debug|Any CPU.ActiveCfg = Debug|Any CPU
		{9C58F44C-14FE-4848-AF30-A3E7B468379A}.Debug|Any CPU.Build.0 = Debug|Any CPU
		{9C58F44C-14FE-4848-AF30-A3E7B468379A}.Release|Any CPU.ActiveCfg = Release|Any CPU
		{9C58F44C-14FE-4848-AF30-A3E7B468379A}.Release|Any CPU.Build.0 = Release|Any CPU
	EndGlobalSection
EndGlobal
