
Microsoft Visual Studio Solution File, Format Version 12.00
Project("{FAE04EC0-301F-11D3-BF4B-00C04F79EFBC}") = "TaskScheduler", "TaskScheduler\TaskScheduler.csproj", "{ADFFC71F-332A-421F-95FF-ED75385D24CF}"
EndProject
Global
	GlobalSection(SolutionConfigurationPlatforms) = preSolution
		Debug|Any CPU = Debug|Any CPU
		Release|Any CPU = Release|Any CPU
	EndGlobalSection
	GlobalSection(ProjectConfigurationPlatforms) = postSolution
		{ADFFC71F-332A-421F-95FF-ED75385D24CF}.Debug|Any CPU.ActiveCfg = Debug|Any CPU
		{ADFFC71F-332A-421F-95FF-ED75385D24CF}.Debug|Any CPU.Build.0 = Debug|Any CPU
		{ADFFC71F-332A-421F-95FF-ED75385D24CF}.Release|Any CPU.ActiveCfg = Release|Any CPU
		{ADFFC71F-332A-421F-95FF-ED75385D24CF}.Release|Any CPU.Build.0 = Release|Any CPU
	EndGlobalSection
EndGlobal
